
Microsoft Visual Studio Solution File, Format Version 12.00
# Visual Studio 15
VisualStudioVersion = 15.0.28010.2046
MinimumVisualStudioVersion = 10.0.40219.1
Project("{FAE04EC0-301F-11D3-BF4B-00C04F79EFBC}") = "ComPlotter", "ComPlotter\ComPlotter.csproj", "{4334F121-1FAA-4229-9DFE-AE05635843B6}"
EndProject
Global
	GlobalSection(SolutionConfigurationPlatforms) = preSolution
		Debug|Any CPU = Debug|Any CPU
		Release|Any CPU = Release|Any CPU
	EndGlobalSection
	GlobalSection(ProjectConfigurationPlatforms) = postSolution
		{4334F121-1FAA-4229-9DFE-AE05635843B6}.Debug|Any CPU.ActiveCfg = Debug|Any CPU
		{4334F121-1FAA-4229-9DFE-AE05635843B6}.Debug|Any CPU.Build.0 = Debug|Any CPU
		{4334F121-1FAA-4229-9DFE-AE05635843B6}.Release|Any CPU.ActiveCfg = Release|Any CPU
		{4334F121-1FAA-4229-9DFE-AE05635843B6}.Release|Any CPU.Build.0 = Release|Any CPU
	EndGlobalSection
	GlobalSection(SolutionProperties) = preSolution
		HideSolutionNode = FALSE
	EndGlobalSection
	GlobalSection(ExtensibilityGlobals) = postSolution
		SolutionGuid = {ED74D876-6070-42D3-A9F2-054760A7127C}
	EndGlobalSection
EndGlobal
